
Microsoft Visual Studio Solution File, Format Version 12.00
# Visual Studio Version 17
VisualStudioVersion = 17.8.34112.27
MinimumVisualStudioVersion = 10.0.40219.1
Project("{9A19103F-16F7-4668-BE54-9A1E7A4F7556}") = "Project86Launcher", "Project86Launcher\Project86Launcher.csproj", "{3E1F9010-B200-4791-B5CE-0E7F04BE87B6}"
EndProject
Project("{54435603-DBB4-11D2-8724-00A0C9A8B90C}") = "Project-86-Launcher-Setup", "Project-86-Launcher-Setup\Project-86-Launcher-Setup.vdproj", "{65C1FF45-CFA2-416C-825D-7695F50C2B53}"
EndProject
Global
	GlobalSection(SolutionConfigurationPlatforms) = preSolution
		Debug|Any CPU = Debug|Any CPU
		Release|Any CPU = Release|Any CPU
	EndGlobalSection
	GlobalSection(ProjectConfigurationPlatforms) = postSolution
		{3E1F9010-B200-4791-B5CE-0E7F04BE87B6}.Debug|Any CPU.ActiveCfg = Debug|Any CPU
		{3E1F9010-B200-4791-B5CE-0E7F04BE87B6}.Debug|Any CPU.Build.0 = Debug|Any CPU
		{3E1F9010-B200-4791-B5CE-0E7F04BE87B6}.Release|Any CPU.ActiveCfg = Release|Any CPU
		{3E1F9010-B200-4791-B5CE-0E7F04BE87B6}.Release|Any CPU.Build.0 = Release|Any CPU
		{65C1FF45-CFA2-416C-825D-7695F50C2B53}.Debug|Any CPU.ActiveCfg = Debug
		{65C1FF45-CFA2-416C-825D-7695F50C2B53}.Release|Any CPU.ActiveCfg = Release
		{65C1FF45-CFA2-416C-825D-7695F50C2B53}.Release|Any CPU.Build.0 = Release
	EndGlobalSection
	GlobalSection(SolutionProperties) = preSolution
		HideSolutionNode = FALSE
	EndGlobalSection
	GlobalSection(ExtensibilityGlobals) = postSolution
		SolutionGuid = {1B31846E-454C-4D5B-97A2-4281C2E1AB5C}
	EndGlobalSection
EndGlobal
